
Microsoft Visual Studio Solution File, Format Version 12.00
Project("{FAE04EC0-301F-11D3-BF4B-00C04F79EFBC}") = "Freelance.ApiGateway", "Freelance.ApiGateway\Freelance.ApiGateway.csproj", "{C34BB724-1FB7-40DE-A614-7A1C492D16ED}"
EndProject
Global
	GlobalSection(SolutionConfigurationPlatforms) = preSolution
		Debug|Any CPU = Debug|Any CPU
		Release|Any CPU = Release|Any CPU
	EndGlobalSection
	GlobalSection(ProjectConfigurationPlatforms) = postSolution
		{C34BB724-1FB7-40DE-A614-7A1C492D16ED}.Debug|Any CPU.ActiveCfg = Debug|Any CPU
		{C34BB724-1FB7-40DE-A614-7A1C492D16ED}.Debug|Any CPU.Build.0 = Debug|Any CPU
		{C34BB724-1FB7-40DE-A614-7A1C492D16ED}.Release|Any CPU.ActiveCfg = Release|Any CPU
		{C34BB724-1FB7-40DE-A614-7A1C492D16ED}.Release|Any CPU.Build.0 = Release|Any CPU
	EndGlobalSection
EndGlobal
