{
  "version": 4,
  "terraform_version": "1.5.7",
  "serial": 24,
  "lineage": "e35cca86-2c1e-487f-c319-512ad073d64e",
  "outputs": {
    "app_service_url": {
      "value": "frelance-api.azurewebsites.net",
      "type": "string"
    },
    "container_registry_url": {
      "value": "frelanceacr.azurecr.io",
      "type": "string"
    }
  },
  "resources": [
    {
      "mode": "managed",
      "type": "azurerm_container_registry",
      "name": "acr",
      "provider": "provider[\"registry.terraform.io/hashicorp/azurerm\"]",
      "instances": [
        {
          "schema_version": 2,
          "attributes": {
            "admin_enabled": true,
            "admin_password": "q1cdQNrHzoEVy0XUFqH56zQ50frzoNVUoIUvUuDgGa+ACRAEGZTZ",
            "admin_username": "frelanceacr",
            "anonymous_pull_enabled": false,
            "data_endpoint_enabled": false,
            "encryption": [
              {
                "enabled": false,
                "identity_client_id": "",
                "key_vault_key_id": ""
              }
            ],
            "export_policy_enabled": true,
            "georeplications": [],
            "id": "/subscriptions/b6ca0b62-1042-4b7e-9412-6017fae69c8d/resourceGroups/frelance-api/providers/Microsoft.ContainerRegistry/registries/frelanceacr",
            "identity": [],
            "location": "northeurope",
            "login_server": "frelanceacr.azurecr.io",
            "name": "frelanceacr",
            "network_rule_bypass_option": "AzureServices",
            "network_rule_set": [],
            "public_network_access_enabled": true,
            "quarantine_policy_enabled": false,
            "resource_group_name": "frelance-api",
            "retention_policy": [
              {
                "days": 7,
                "enabled": false
              }
            ],
            "sku": "Basic",
            "tags": {},
            "timeouts": null,
            "trust_policy": [
              {
                "enabled": false
              }
            ],
            "zone_redundancy_enabled": false
          },
          "sensitive_attributes": [],
          "private": "eyJlMmJmYjczMC1lY2FhLTExZTYtOGY4OC0zNDM2M2JjN2M0YzAiOnsiY3JlYXRlIjoxODAwMDAwMDAwMDAwLCJkZWxldGUiOjE4MDAwMDAwMDAwMDAsInJlYWQiOjMwMDAwMDAwMDAwMCwidXBkYXRlIjoxODAwMDAwMDAwMDAwfSwic2NoZW1hX3ZlcnNpb24iOiIyIn0=",
          "dependencies": [
            "azurerm_resource_group.main"
          ]
        }
      ]
    },
    {
      "mode": "managed",
      "type": "azurerm_key_vault",
      "name": "keyvault",
      "provider": "provider[\"registry.terraform.io/hashicorp/azurerm\"]",
      "instances": [
        {
          "schema_version": 2,
          "attributes": {
            "access_policy": [
              {
                "application_id": "",
                "certificate_permissions": [
                  "Get",
                  "List"
                ],
                "key_permissions": [
                  "Get",
                  "List"
                ],
                "object_id": "fe4c5ebe-84a4-4bea-9a09-57fbfe9b0bcb",
                "secret_permissions": [
                  "Get",
                  "List",
                  "Set",
                  "Delete",
                  "Purge",
                  "Recover"
                ],
                "storage_permissions": [],
                "tenant_id": "5c384fed-84cc-44a6-b34a-b060bf102a6e"
              }
            ],
            "contact": [],
            "enable_rbac_authorization": false,
            "enabled_for_deployment": false,
            "enabled_for_disk_encryption": false,
            "enabled_for_template_deployment": false,
            "id": "/subscriptions/b6ca0b62-1042-4b7e-9412-6017fae69c8d/resourceGroups/frelance-api/providers/Microsoft.KeyVault/vaults/frelance-api-keyvault",
            "location": "northeurope",
            "name": "frelance-api-keyvault",
            "network_acls": [
              {
                "bypass": "AzureServices",
                "default_action": "Allow",
                "ip_rules": [],
                "virtual_network_subnet_ids": []
              }
            ],
            "public_network_access_enabled": true,
            "purge_protection_enabled": false,
            "resource_group_name": "frelance-api",
            "sku_name": "standard",
            "soft_delete_retention_days": 90,
            "tags": {},
            "tenant_id": "5c384fed-84cc-44a6-b34a-b060bf102a6e",
            "timeouts": null,
            "vault_uri": "https://frelance-api-keyvault.vault.azure.net/"
          },
          "sensitive_attributes": [],
          "private": "eyJlMmJmYjczMC1lY2FhLTExZTYtOGY4OC0zNDM2M2JjN2M0YzAiOnsiY3JlYXRlIjoxODAwMDAwMDAwMDAwLCJkZWxldGUiOjE4MDAwMDAwMDAwMDAsInJlYWQiOjMwMDAwMDAwMDAwMCwidXBkYXRlIjoxODAwMDAwMDAwMDAwfSwic2NoZW1hX3ZlcnNpb24iOiIyIn0=",
          "dependencies": [
            "azurerm_resource_group.main"
          ]
        }
      ]
    },
    {
      "mode": "managed",
      "type": "azurerm_key_vault_access_policy",
      "name": "user_access",
      "provider": "provider[\"registry.terraform.io/hashicorp/azurerm\"]",
      "instances": [
        {
          "schema_version": 0,
          "attributes": {
            "application_id": "",
            "certificate_permissions": [
              "Get",
              "List"
            ],
            "id": "/subscriptions/b6ca0b62-1042-4b7e-9412-6017fae69c8d/resourceGroups/frelance-api/providers/Microsoft.KeyVault/vaults/frelance-api-keyvault/objectId/fe4c5ebe-84a4-4bea-9a09-57fbfe9b0bcb",
            "key_permissions": [
              "Get",
              "List"
            ],
            "key_vault_id": "/subscriptions/b6ca0b62-1042-4b7e-9412-6017fae69c8d/resourceGroups/frelance-api/providers/Microsoft.KeyVault/vaults/frelance-api-keyvault",
            "object_id": "fe4c5ebe-84a4-4bea-9a09-57fbfe9b0bcb",
            "secret_permissions": [
              "Get",
              "List",
              "Set",
              "Delete",
              "Purge",
              "Recover"
            ],
            "storage_permissions": [],
            "tenant_id": "5c384fed-84cc-44a6-b34a-b060bf102a6e",
            "timeouts": null
          },
          "sensitive_attributes": [],
          "private": "eyJlMmJmYjczMC1lY2FhLTExZTYtOGY4OC0zNDM2M2JjN2M0YzAiOnsiY3JlYXRlIjoxODAwMDAwMDAwMDAwLCJkZWxldGUiOjE4MDAwMDAwMDAwMDAsInJlYWQiOjMwMDAwMDAwMDAwMCwidXBkYXRlIjoxODAwMDAwMDAwMDAwfSwic2NoZW1hX3ZlcnNpb24iOiIwIn0=",
          "dependencies": [
            "azurerm_key_vault.keyvault",
            "azurerm_resource_group.main"
          ]
        }
      ]
    },
    {
      "mode": "managed",
      "type": "azurerm_key_vault_secret",
      "name": "db_connection_string",
      "provider": "provider[\"registry.terraform.io/hashicorp/azurerm\"]",
      "instances": [
        {
          "schema_version": 0,
          "attributes": {
            "content_type": "",
            "expiration_date": null,
            "id": "https://frelance-api-keyvault.vault.azure.net/secrets/db-connection-string/b0ac2642a23c43e4b802010a3bfaf0ff",
            "key_vault_id": "/subscriptions/b6ca0b62-1042-4b7e-9412-6017fae69c8d/resourceGroups/frelance-api/providers/Microsoft.KeyVault/vaults/frelance-api-keyvault",
            "name": "db-connection-string",
            "not_before_date": null,
            "resource_id": "/subscriptions/b6ca0b62-1042-4b7e-9412-6017fae69c8d/resourceGroups/frelance-api/providers/Microsoft.KeyVault/vaults/frelance-api-keyvault/secrets/db-connection-string/versions/b0ac2642a23c43e4b802010a3bfaf0ff",
            "resource_versionless_id": "/subscriptions/b6ca0b62-1042-4b7e-9412-6017fae69c8d/resourceGroups/frelance-api/providers/Microsoft.KeyVault/vaults/frelance-api-keyvault/secrets/db-connection-string",
            "tags": {},
            "timeouts": null,
            "value": "Server=tcp:frelance-db.database.windows.net,1433;Database=frelance-db;User ID=adminuser;Password=SuperSecurePass123!;Encrypt=True;TrustServerCertificate=False;Connection Timeout=30;",
            "version": "b0ac2642a23c43e4b802010a3bfaf0ff",
            "versionless_id": "https://frelance-api-keyvault.vault.azure.net/secrets/db-connection-string"
          },
          "sensitive_attributes": [
            [
              {
                "type": "get_attr",
                "value": "value"
              }
            ]
          ],
          "private": "eyJlMmJmYjczMC1lY2FhLTExZTYtOGY4OC0zNDM2M2JjN2M0YzAiOnsiY3JlYXRlIjoxODAwMDAwMDAwMDAwLCJkZWxldGUiOjE4MDAwMDAwMDAwMDAsInJlYWQiOjE4MDAwMDAwMDAwMDAsInVwZGF0ZSI6MTgwMDAwMDAwMDAwMH0sInNjaGVtYV92ZXJzaW9uIjoiMCJ9",
          "dependencies": [
            "azurerm_key_vault.keyvault",
            "azurerm_key_vault_secret.sql_admin_password",
            "azurerm_key_vault_secret.sql_admin_username",
            "azurerm_mssql_database.sql_database",
            "azurerm_mssql_server.sql_server",
            "azurerm_resource_group.main"
          ]
        }
      ]
    },
    {
      "mode": "managed",
      "type": "azurerm_key_vault_secret",
      "name": "jwt_token_key",
      "provider": "provider[\"registry.terraform.io/hashicorp/azurerm\"]",
      "instances": [
        {
          "schema_version": 0,
          "attributes": {
            "content_type": "",
            "expiration_date": null,
            "id": "https://frelance-api-keyvault.vault.azure.net/secrets/jwt-token-key/a27fb938f87a4f6b92f3d28d2eae48b9",
            "key_vault_id": "/subscriptions/b6ca0b62-1042-4b7e-9412-6017fae69c8d/resourceGroups/frelance-api/providers/Microsoft.KeyVault/vaults/frelance-api-keyvault",
            "name": "jwt-token-key",
            "not_before_date": null,
            "resource_id": "/subscriptions/b6ca0b62-1042-4b7e-9412-6017fae69c8d/resourceGroups/frelance-api/providers/Microsoft.KeyVault/vaults/frelance-api-keyvault/secrets/jwt-token-key/versions/a27fb938f87a4f6b92f3d28d2eae48b9",
            "resource_versionless_id": "/subscriptions/b6ca0b62-1042-4b7e-9412-6017fae69c8d/resourceGroups/frelance-api/providers/Microsoft.KeyVault/vaults/frelance-api-keyvault/secrets/jwt-token-key",
            "tags": {},
            "timeouts": null,
            "value": "this is a secret key",
            "version": "a27fb938f87a4f6b92f3d28d2eae48b9",
            "versionless_id": "https://frelance-api-keyvault.vault.azure.net/secrets/jwt-token-key"
          },
          "sensitive_attributes": [],
          "private": "eyJlMmJmYjczMC1lY2FhLTExZTYtOGY4OC0zNDM2M2JjN2M0YzAiOnsiY3JlYXRlIjoxODAwMDAwMDAwMDAwLCJkZWxldGUiOjE4MDAwMDAwMDAwMDAsInJlYWQiOjE4MDAwMDAwMDAwMDAsInVwZGF0ZSI6MTgwMDAwMDAwMDAwMH19",
          "dependencies": [
            "azurerm_key_vault.keyvault",
            "azurerm_resource_group.main"
          ]
        }
      ]
    },
    {
      "mode": "managed",
      "type": "azurerm_key_vault_secret",
      "name": "sql_admin_password",
      "provider": "provider[\"registry.terraform.io/hashicorp/azurerm\"]",
      "instances": [
        {
          "schema_version": 0,
          "attributes": {
            "content_type": "",
            "expiration_date": null,
            "id": "https://frelance-api-keyvault.vault.azure.net/secrets/sql-admin-password/9dbdce2b8dfd434abfe010bed023cdad",
            "key_vault_id": "/subscriptions/b6ca0b62-1042-4b7e-9412-6017fae69c8d/resourceGroups/frelance-api/providers/Microsoft.KeyVault/vaults/frelance-api-keyvault",
            "name": "sql-admin-password",
            "not_before_date": null,
            "resource_id": "/subscriptions/b6ca0b62-1042-4b7e-9412-6017fae69c8d/resourceGroups/frelance-api/providers/Microsoft.KeyVault/vaults/frelance-api-keyvault/secrets/sql-admin-password/versions/9dbdce2b8dfd434abfe010bed023cdad",
            "resource_versionless_id": "/subscriptions/b6ca0b62-1042-4b7e-9412-6017fae69c8d/resourceGroups/frelance-api/providers/Microsoft.KeyVault/vaults/frelance-api-keyvault/secrets/sql-admin-password",
            "tags": {},
            "timeouts": null,
            "value": "SuperSecurePass123!",
            "version": "9dbdce2b8dfd434abfe010bed023cdad",
            "versionless_id": "https://frelance-api-keyvault.vault.azure.net/secrets/sql-admin-password"
          },
          "sensitive_attributes": [],
          "private": "eyJlMmJmYjczMC1lY2FhLTExZTYtOGY4OC0zNDM2M2JjN2M0YzAiOnsiY3JlYXRlIjoxODAwMDAwMDAwMDAwLCJkZWxldGUiOjE4MDAwMDAwMDAwMDAsInJlYWQiOjE4MDAwMDAwMDAwMDAsInVwZGF0ZSI6MTgwMDAwMDAwMDAwMH0sInNjaGVtYV92ZXJzaW9uIjoiMCJ9",
          "dependencies": [
            "azurerm_key_vault.keyvault",
            "azurerm_resource_group.main"
          ]
        }
      ]
    },
    {
      "mode": "managed",
      "type": "azurerm_key_vault_secret",
      "name": "sql_admin_username",
      "provider": "provider[\"registry.terraform.io/hashicorp/azurerm\"]",
      "instances": [
        {
          "schema_version": 0,
          "attributes": {
            "content_type": "",
            "expiration_date": null,
            "id": "https://frelance-api-keyvault.vault.azure.net/secrets/sql-admin-username/0eff81f7e4144165abb81f53ca7a5684",
            "key_vault_id": "/subscriptions/b6ca0b62-1042-4b7e-9412-6017fae69c8d/resourceGroups/frelance-api/providers/Microsoft.KeyVault/vaults/frelance-api-keyvault",
            "name": "sql-admin-username",
            "not_before_date": null,
            "resource_id": "/subscriptions/b6ca0b62-1042-4b7e-9412-6017fae69c8d/resourceGroups/frelance-api/providers/Microsoft.KeyVault/vaults/frelance-api-keyvault/secrets/sql-admin-username/versions/0eff81f7e4144165abb81f53ca7a5684",
            "resource_versionless_id": "/subscriptions/b6ca0b62-1042-4b7e-9412-6017fae69c8d/resourceGroups/frelance-api/providers/Microsoft.KeyVault/vaults/frelance-api-keyvault/secrets/sql-admin-username",
            "tags": {},
            "timeouts": null,
            "value": "adminuser",
            "version": "0eff81f7e4144165abb81f53ca7a5684",
            "versionless_id": "https://frelance-api-keyvault.vault.azure.net/secrets/sql-admin-username"
          },
          "sensitive_attributes": [],
          "private": "eyJlMmJmYjczMC1lY2FhLTExZTYtOGY4OC0zNDM2M2JjN2M0YzAiOnsiY3JlYXRlIjoxODAwMDAwMDAwMDAwLCJkZWxldGUiOjE4MDAwMDAwMDAwMDAsInJlYWQiOjE4MDAwMDAwMDAwMDAsInVwZGF0ZSI6MTgwMDAwMDAwMDAwMH0sInNjaGVtYV92ZXJzaW9uIjoiMCJ9",
          "dependencies": [
            "azurerm_key_vault.keyvault",
            "azurerm_resource_group.main"
          ]
        }
      ]
    },
    {
      "mode": "managed",
      "type": "azurerm_linux_web_app",
      "name": "app_service",
      "provider": "provider[\"registry.terraform.io/hashicorp/azurerm\"]",
      "instances": [
        {
          "schema_version": 1,
          "attributes": {
            "app_settings": {
              "DATABASE_CONNECTION_STRING": "Server=tcp:frelance-db.database.windows.net,1433;Database=frelance-db;User ID=adminuser;Password=SuperSecurePass123!;Encrypt=True;TrustServerCertificate=False;Connection Timeout=30;",
              "DOCKER_REGISTRY_SERVER_PASSWORD": "q1cdQNrHzoEVy0XUFqH56zQ50frzoNVUoIUvUuDgGa+ACRAEGZTZ",
              "DOCKER_REGISTRY_SERVER_URL": "https://frelanceacr.azurecr.io",
              "DOCKER_REGISTRY_SERVER_USERNAME": "frelanceacr",
              "JWT_TOKEN_KEY": "this is a secret key",
              "WEBSITES_CONTAINER_START_TIME_LIMIT": "1800"
            },
            "auth_settings": [],
            "auth_settings_v2": [],
            "backup": [],
            "client_affinity_enabled": false,
            "client_certificate_enabled": false,
            "client_certificate_exclusion_paths": "",
            "client_certificate_mode": "Required",
            "connection_string": [],
            "custom_domain_verification_id": "A6062361F7B0D4512E4FC700DE90DAC314A03A7E8DAE5BE544C44A00AB2BB4B0",
            "default_hostname": "frelance-api.azurewebsites.net",
            "enabled": true,
            "ftp_publish_basic_authentication_enabled": true,
            "hosting_environment_id": "",
            "https_only": true,
            "id": "/subscriptions/b6ca0b62-1042-4b7e-9412-6017fae69c8d/resourceGroups/frelance-api/providers/Microsoft.Web/sites/frelance-api",
            "identity": [],
            "key_vault_reference_identity_id": "SystemAssigned",
            "kind": "app,linux,container",
            "location": "northeurope",
            "logs": [],
            "name": "frelance-api",
            "outbound_ip_address_list": [
              "13.69.142.133",
              "40.85.112.57",
              "40.85.116.105",
              "40.85.116.146",
              "13.69.228.3"
            ],
            "outbound_ip_addresses": "13.69.142.133,40.85.112.57,40.85.116.105,40.85.116.146,13.69.228.3",
            "possible_outbound_ip_address_list": [
              "13.69.142.133",
              "40.85.112.57",
              "40.85.116.105",
              "40.85.116.146",
              "40.85.113.221",
              "40.85.112.52",
              "40.85.113.217",
              "40.85.112.60",
              "13.69.142.142",
              "20.123.119.51",
              "20.123.119.132",
              "20.223.40.190",
              "20.223.41.129",
              "20.223.41.132",
              "20.223.41.151",
              "20.223.41.196",
              "20.223.44.12",
              "20.223.44.227",
              "20.223.44.250",
              "20.223.45.194",
              "20.223.45.199",
              "13.69.228.3"
            ],
            "possible_outbound_ip_addresses": "13.69.142.133,40.85.112.57,40.85.116.105,40.85.116.146,40.85.113.221,40.85.112.52,40.85.113.217,40.85.112.60,13.69.142.142,20.123.119.51,20.123.119.132,20.223.40.190,20.223.41.129,20.223.41.132,20.223.41.151,20.223.41.196,20.223.44.12,20.223.44.227,20.223.44.250,20.223.45.194,20.223.45.199,13.69.228.3",
            "public_network_access_enabled": true,
            "resource_group_name": "frelance-api",
            "service_plan_id": "/subscriptions/b6ca0b62-1042-4b7e-9412-6017fae69c8d/resourceGroups/frelance-api/providers/Microsoft.Web/serverFarms/frelance-api-plan",
            "site_config": [
              {
                "always_on": false,
                "api_definition_url": "",
                "api_management_api_id": "",
                "app_command_line": "",
                "application_stack": [
                  {
                    "docker_image": "frelanceacr.azurecr.io/frelance-api",
                    "docker_image_name": "",
                    "docker_image_tag": "latest",
                    "docker_registry_password": "",
                    "docker_registry_url": "",
                    "docker_registry_username": "",
                    "dotnet_version": "",
                    "go_version": "",
                    "java_server": "",
                    "java_server_version": "",
                    "java_version": "",
                    "node_version": "",
                    "php_version": "",
                    "python_version": "",
                    "ruby_version": ""
                  }
                ],
                "auto_heal_enabled": false,
                "auto_heal_setting": [],
                "container_registry_managed_identity_client_id": "",
                "container_registry_use_managed_identity": false,
                "cors": [],
                "default_documents": [
                  "Default.htm",
                  "Default.html",
                  "Default.asp",
                  "index.htm",
                  "index.html",
                  "iisstart.htm",
                  "default.aspx",
                  "index.php",
                  "hostingstart.html"
                ],
                "detailed_error_logging_enabled": false,
                "ftps_state": "Disabled",
                "health_check_eviction_time_in_min": 0,
                "health_check_path": "",
                "http2_enabled": false,
                "ip_restriction": [],
                "ip_restriction_default_action": "Allow",
                "linux_fx_version": "DOCKER|frelanceacr.azurecr.io/frelance-api:latest",
                "load_balancing_mode": "LeastRequests",
                "local_mysql_enabled": false,
                "managed_pipeline_mode": "Integrated",
                "minimum_tls_version": "1.2",
                "remote_debugging_enabled": false,
                "remote_debugging_version": "VS2022",
                "scm_ip_restriction": [],
                "scm_ip_restriction_default_action": "Allow",
                "scm_minimum_tls_version": "1.2",
                "scm_type": "None",
                "scm_use_main_ip_restriction": false,
                "use_32_bit_worker": true,
                "vnet_route_all_enabled": false,
                "websockets_enabled": false,
                "worker_count": 1
              }
            ],
            "site_credential": [
              {
                "name": "$frelance-api",
                "password": "qgoPqbrWhHwcbpzujX23sJEKJ6xtwwy4hjpJnbZwPD3giYanux3olL7XRQQa"
              }
            ],
            "sticky_settings": [],
            "storage_account": [],
            "tags": {},
            "timeouts": null,
            "virtual_network_subnet_id": "",
            "webdeploy_publish_basic_authentication_enabled": true,
            "zip_deploy_file": ""
          },
          "sensitive_attributes": [
            [
              {
                "type": "get_attr",
                "value": "app_settings"
              },
              {
                "type": "index",
                "value": {
                  "value": "DATABASE_CONNECTION_STRING",
                  "type": "string"
                }
              }
            ],
            [
              {
                "type": "get_attr",
                "value": "app_settings"
              },
              {
                "type": "index",
                "value": {
                  "value": "DOCKER_REGISTRY_SERVER_PASSWORD",
                  "type": "string"
                }
              }
            ],
            [
              {
                "type": "get_attr",
                "value": "app_settings"
              },
              {
                "type": "index",
                "value": {
                  "value": "JWT_TOKEN_KEY",
                  "type": "string"
                }
              }
            ]
          ],
          "private": "eyJlMmJmYjczMC1lY2FhLTExZTYtOGY4OC0zNDM2M2JjN2M0YzAiOnsiY3JlYXRlIjoxODAwMDAwMDAwMDAwLCJkZWxldGUiOjE4MDAwMDAwMDAwMDAsInJlYWQiOjMwMDAwMDAwMDAwMCwidXBkYXRlIjoxODAwMDAwMDAwMDAwfSwic2NoZW1hX3ZlcnNpb24iOiIxIn0=",
          "dependencies": [
            "azurerm_container_registry.acr",
            "azurerm_key_vault.keyvault",
            "azurerm_key_vault_secret.db_connection_string",
            "azurerm_key_vault_secret.jwt_token_key",
            "azurerm_key_vault_secret.sql_admin_password",
            "azurerm_key_vault_secret.sql_admin_username",
            "azurerm_mssql_database.sql_database",
            "azurerm_mssql_server.sql_server",
            "azurerm_resource_group.main",
            "azurerm_service_plan.app_service_plan"
          ]
        }
      ]
    },
    {
      "mode": "managed",
      "type": "azurerm_mssql_database",
      "name": "sql_database",
      "provider": "provider[\"registry.terraform.io/hashicorp/azurerm\"]",
      "instances": [
        {
          "schema_version": 1,
          "attributes": {
            "auto_pause_delay_in_minutes": 0,
            "collation": "SQL_Latin1_General_CP1_CI_AS",
            "create_mode": "Default",
            "creation_source_database_id": null,
            "elastic_pool_id": "",
            "enclave_type": "",
            "geo_backup_enabled": true,
            "id": "/subscriptions/b6ca0b62-1042-4b7e-9412-6017fae69c8d/resourceGroups/frelance-api/providers/Microsoft.Sql/servers/frelance-db/databases/frelance-db",
            "identity": [],
            "import": [],
            "ledger_enabled": false,
            "license_type": "",
            "long_term_retention_policy": [
              {
                "immutable_backups_enabled": false,
                "monthly_retention": "PT0S",
                "week_of_year": 1,
                "weekly_retention": "PT0S",
                "yearly_retention": "PT0S"
              }
            ],
            "maintenance_configuration_name": "SQL_Default",
            "max_size_gb": 2,
            "min_capacity": 0,
            "name": "frelance-db",
            "read_replica_count": 0,
            "read_scale": false,
            "recover_database_id": null,
            "recovery_point_id": null,
            "restore_dropped_database_id": null,
            "restore_long_term_retention_backup_id": null,
            "restore_point_in_time": null,
            "sample_name": null,
            "secondary_type": "",
            "server_id": "/subscriptions/b6ca0b62-1042-4b7e-9412-6017fae69c8d/resourceGroups/frelance-api/providers/Microsoft.Sql/servers/frelance-db",
            "short_term_retention_policy": [
              {
                "backup_interval_in_hours": 24,
                "retention_days": 7
              }
            ],
            "sku_name": "Basic",
            "storage_account_type": "Geo",
            "tags": {},
            "threat_detection_policy": [
              {
                "disabled_alerts": [],
                "email_account_admins": "Disabled",
                "email_addresses": [],
                "retention_days": 0,
                "state": "Disabled",
                "storage_account_access_key": "",
                "storage_endpoint": ""
              }
            ],
            "timeouts": null,
            "transparent_data_encryption_enabled": true,
            "transparent_data_encryption_key_automatic_rotation_enabled": false,
            "transparent_data_encryption_key_vault_key_id": "",
            "zone_redundant": false
          },
          "sensitive_attributes": [],
          "private": "eyJlMmJmYjczMC1lY2FhLTExZTYtOGY4OC0zNDM2M2JjN2M0YzAiOnsiY3JlYXRlIjozNjAwMDAwMDAwMDAwLCJkZWxldGUiOjM2MDAwMDAwMDAwMDAsInJlYWQiOjMwMDAwMDAwMDAwMCwidXBkYXRlIjozNjAwMDAwMDAwMDAwfSwic2NoZW1hX3ZlcnNpb24iOiIxIn0=",
          "dependencies": [
            "azurerm_key_vault.keyvault",
            "azurerm_key_vault_secret.sql_admin_password",
            "azurerm_key_vault_secret.sql_admin_username",
            "azurerm_mssql_server.sql_server",
            "azurerm_resource_group.main"
          ]
        }
      ]
    },
    {
      "mode": "managed",
      "type": "azurerm_mssql_server",
      "name": "sql_server",
      "provider": "provider[\"registry.terraform.io/hashicorp/azurerm\"]",
      "instances": [
        {
          "schema_version": 0,
          "attributes": {
            "administrator_login": "adminuser",
            "administrator_login_password": "SuperSecurePass123!",
            "azuread_administrator": [],
            "connection_policy": "Default",
            "fully_qualified_domain_name": "frelance-db.database.windows.net",
            "id": "/subscriptions/b6ca0b62-1042-4b7e-9412-6017fae69c8d/resourceGroups/frelance-api/providers/Microsoft.Sql/servers/frelance-db",
            "identity": [],
            "location": "northeurope",
            "minimum_tls_version": "1.2",
            "name": "frelance-db",
            "outbound_network_restriction_enabled": false,
            "primary_user_assigned_identity_id": "",
            "public_network_access_enabled": true,
            "resource_group_name": "frelance-api",
            "restorable_dropped_database_ids": [],
            "tags": {},
            "timeouts": null,
            "transparent_data_encryption_key_vault_key_id": "",
            "version": "12.0"
          },
          "sensitive_attributes": [
            [
              {
                "type": "get_attr",
                "value": "administrator_login_password"
              }
            ],
            [
              {
                "type": "get_attr",
                "value": "administrator_login"
              }
            ]
          ],
          "private": "eyJlMmJmYjczMC1lY2FhLTExZTYtOGY4OC0zNDM2M2JjN2M0YzAiOnsiY3JlYXRlIjozNjAwMDAwMDAwMDAwLCJkZWxldGUiOjM2MDAwMDAwMDAwMDAsInJlYWQiOjMwMDAwMDAwMDAwMCwidXBkYXRlIjozNjAwMDAwMDAwMDAwfX0=",
          "dependencies": [
            "azurerm_key_vault.keyvault",
            "azurerm_key_vault_secret.sql_admin_password",
            "azurerm_key_vault_secret.sql_admin_username",
            "azurerm_resource_group.main"
          ]
        }
      ]
    },
    {
      "mode": "managed",
      "type": "azurerm_resource_group",
      "name": "main",
      "provider": "provider[\"registry.terraform.io/hashicorp/azurerm\"]",
      "instances": [
        {
          "schema_version": 0,
          "attributes": {
            "id": "/subscriptions/b6ca0b62-1042-4b7e-9412-6017fae69c8d/resourceGroups/frelance-api",
            "location": "northeurope",
            "managed_by": "",
            "name": "frelance-api",
            "tags": {},
            "timeouts": null
          },
          "sensitive_attributes": [],
          "private": "eyJlMmJmYjczMC1lY2FhLTExZTYtOGY4OC0zNDM2M2JjN2M0YzAiOnsiY3JlYXRlIjo1NDAwMDAwMDAwMDAwLCJkZWxldGUiOjU0MDAwMDAwMDAwMDAsInJlYWQiOjMwMDAwMDAwMDAwMCwidXBkYXRlIjo1NDAwMDAwMDAwMDAwfX0="
        }
      ]
    },
    {
      "mode": "managed",
      "type": "azurerm_service_plan",
      "name": "app_service_plan",
      "provider": "provider[\"registry.terraform.io/hashicorp/azurerm\"]",
      "instances": [
        {
          "schema_version": 1,
          "attributes": {
            "app_service_environment_id": "",
            "id": "/subscriptions/b6ca0b62-1042-4b7e-9412-6017fae69c8d/resourceGroups/frelance-api/providers/Microsoft.Web/serverFarms/frelance-api-plan",
            "kind": "linux",
            "location": "northeurope",
            "maximum_elastic_worker_count": 1,
            "name": "frelance-api-plan",
            "os_type": "Linux",
            "per_site_scaling_enabled": false,
            "reserved": true,
            "resource_group_name": "frelance-api",
            "sku_name": "B1",
            "tags": {},
            "timeouts": null,
            "worker_count": 1,
            "zone_balancing_enabled": false
          },
          "sensitive_attributes": [],
          "private": "eyJlMmJmYjczMC1lY2FhLTExZTYtOGY4OC0zNDM2M2JjN2M0YzAiOnsiY3JlYXRlIjozNjAwMDAwMDAwMDAwLCJkZWxldGUiOjM2MDAwMDAwMDAwMDAsInJlYWQiOjMwMDAwMDAwMDAwMCwidXBkYXRlIjozNjAwMDAwMDAwMDAwfSwic2NoZW1hX3ZlcnNpb24iOiIxIn0=",
          "dependencies": [
            "azurerm_resource_group.main"
          ]
        }
      ]
    }
  ],
  "check_results": null
}
