
Microsoft Visual Studio Solution File, Format Version 12.00
Project("{FAE04EC0-301F-11D3-BF4B-00C04F79EFBC}") = "Freelance.Shared.Domain", "Freelance.Shared.Domain\Freelance.Shared.Domain.csproj", "{D504E301-B4D3-4A8E-B2DE-C1DD98EB7E24}"
EndProject
Project("{FAE04EC0-301F-11D3-BF4B-00C04F79EFBC}") = "Frelance.Shared.Infrastructure", "Frelance.Shared.Infrastructure\Frelance.Shared.Infrastructure.csproj", "{6CE780D8-D55E-44F6-8C92-1390C0EA15FB}"
EndProject
Project("{FAE04EC0-301F-11D3-BF4B-00C04F79EFBC}") = "Freelance.Shared.Application", "Freelance.Shared.Application\Freelance.Shared.Application.csproj", "{7F964DEC-304D-402B-930B-8C2C818ECB3C}"
EndProject
Global
	GlobalSection(SolutionConfigurationPlatforms) = preSolution
		Debug|Any CPU = Debug|Any CPU
		Release|Any CPU = Release|Any CPU
	EndGlobalSection
	GlobalSection(ProjectConfigurationPlatforms) = postSolution
		{D504E301-B4D3-4A8E-B2DE-C1DD98EB7E24}.Debug|Any CPU.ActiveCfg = Debug|Any CPU
		{D504E301-B4D3-4A8E-B2DE-C1DD98EB7E24}.Debug|Any CPU.Build.0 = Debug|Any CPU
		{D504E301-B4D3-4A8E-B2DE-C1DD98EB7E24}.Release|Any CPU.ActiveCfg = Release|Any CPU
		{D504E301-B4D3-4A8E-B2DE-C1DD98EB7E24}.Release|Any CPU.Build.0 = Release|Any CPU
		{6CE780D8-D55E-44F6-8C92-1390C0EA15FB}.Debug|Any CPU.ActiveCfg = Debug|Any CPU
		{6CE780D8-D55E-44F6-8C92-1390C0EA15FB}.Debug|Any CPU.Build.0 = Debug|Any CPU
		{6CE780D8-D55E-44F6-8C92-1390C0EA15FB}.Release|Any CPU.ActiveCfg = Release|Any CPU
		{6CE780D8-D55E-44F6-8C92-1390C0EA15FB}.Release|Any CPU.Build.0 = Release|Any CPU
		{7F964DEC-304D-402B-930B-8C2C818ECB3C}.Debug|Any CPU.ActiveCfg = Debug|Any CPU
		{7F964DEC-304D-402B-930B-8C2C818ECB3C}.Debug|Any CPU.Build.0 = Debug|Any CPU
		{7F964DEC-304D-402B-930B-8C2C818ECB3C}.Release|Any CPU.ActiveCfg = Release|Any CPU
		{7F964DEC-304D-402B-930B-8C2C818ECB3C}.Release|Any CPU.Build.0 = Release|Any CPU
	EndGlobalSection
EndGlobal
